// !$*UTF8*$!
{
	archiveVersion = 1;
	classes = {
	};
	objectVersion = 46;
	objects = {

/* Begin PBXBuildFile section */
		0B1D0A441D9EAAAA00319891 /* main.cpp in Sources */ = {isa = PBXBuildFile; fileRef = 0B1D0A431D9EAAAA00319891 /* main.cpp */; };
		8623DB831FE1604900101CA5 /* carBS5.png in Copy Files */ = {isa = PBXBuildFile; fileRef = 86CF4F7B1F8FBD03009A299E /* carBS5.png */; };
		8623DB841FE1604900101CA5 /* cp.png in Copy Files */ = {isa = PBXBuildFile; fileRef = 86CF4F761F8FAE15009A299E /* cp.png */; };
		8623DB851FE1604900101CA5 /* bulletR.png in Copy Files */ = {isa = PBXBuildFile; fileRef = 86CF4F741F8FAD5A009A299E /* bulletR.png */; };
		8623DB871FE1604900101CA5 /* bar.png in Copy Files */ = {isa = PBXBuildFile; fileRef = 862B1AED1F8BADB8001378B9 /* bar.png */; };
		8623DB881FE1604900101CA5 /* finish.png in Copy Files */ = {isa = PBXBuildFile; fileRef = 862B1AEC1F8BA87D001378B9 /* finish.png */; };
		8623DB891FE1604900101CA5 /* bulR.png in Copy Files */ = {isa = PBXBuildFile; fileRef = 862B1AEA1F8B9F16001378B9 /* bulR.png */; };
		8623DB8A1FE1604900101CA5 /* carYS.png in Copy Files */ = {isa = PBXBuildFile; fileRef = 862B1AE91F8B9E3C001378B9 /* carYS.png */; };
		8623DB8B1FE1604900101CA5 /* land_grass01.png in Copy Files */ = {isa = PBXBuildFile; fileRef = 862B1AE61F8B9876001378B9 /* land_grass01.png */; };
		8623DB8C1FE1604900101CA5 /* map.txt in Copy Files */ = {isa = PBXBuildFile; fileRef = 862B1AE71F8B9876001378B9 /* map.txt */; };
		8623DB8D1FE1604900101CA5 /* simon.otf in Copy Files */ = {isa = PBXBuildFile; fileRef = 862B1AE81F8B9876001378B9 /* simon.otf */; };
		8623DB8E1FE1604900101CA5 /* bulY.png in Copy Files */ = {isa = PBXBuildFile; fileRef = 865681F11F8689E400CA4B6E /* bulY.png */; };
		8623DB8F1FE1604900101CA5 /* carY.png in Copy Files */ = {isa = PBXBuildFile; fileRef = 865681EB1F86647C00CA4B6E /* carY.png */; };
		8623DB901FE1604900101CA5 /* land_grass02.png in Copy Files */ = {isa = PBXBuildFile; fileRef = 865681DD1F86646200CA4B6E /* land_grass02.png */; };
		8623DB911FE1604900101CA5 /* land_grass03.png in Copy Files */ = {isa = PBXBuildFile; fileRef = 865681DE1F86646200CA4B6E /* land_grass03.png */; };
		8623DB921FE1604900101CA5 /* land_grass04.png in Copy Files */ = {isa = PBXBuildFile; fileRef = 865681DF1F86646200CA4B6E /* land_grass04.png */; };
		8623DB931FE1604900101CA5 /* land_grass05.png in Copy Files */ = {isa = PBXBuildFile; fileRef = 865681E01F86646200CA4B6E /* land_grass05.png */; };
		8623DB941FE1604900101CA5 /* land_grass06.png in Copy Files */ = {isa = PBXBuildFile; fileRef = 865681E11F86646200CA4B6E /* land_grass06.png */; };
		8623DB951FE1604900101CA5 /* land_grass07.png in Copy Files */ = {isa = PBXBuildFile; fileRef = 865681E21F86646200CA4B6E /* land_grass07.png */; };
		8623DB961FE1604900101CA5 /* land_grass08.png in Copy Files */ = {isa = PBXBuildFile; fileRef = 865681E31F86646200CA4B6E /* land_grass08.png */; };
		8623DB971FE1604900101CA5 /* land_grass09.png in Copy Files */ = {isa = PBXBuildFile; fileRef = 865681E41F86646200CA4B6E /* land_grass09.png */; };
		8623DB981FE1604900101CA5 /* land_grass10.png in Copy Files */ = {isa = PBXBuildFile; fileRef = 865681E51F86646200CA4B6E /* land_grass10.png */; };
		8623DB991FE1604900101CA5 /* land_grass11.png in Copy Files */ = {isa = PBXBuildFile; fileRef = 865681E61F86646200CA4B6E /* land_grass11.png */; };
		8623DB9A1FE1604900101CA5 /* land_grass12.png in Copy Files */ = {isa = PBXBuildFile; fileRef = 865681E71F86646200CA4B6E /* land_grass12.png */; };
		8623DB9B1FE1604900101CA5 /* land_grass13.png in Copy Files */ = {isa = PBXBuildFile; fileRef = 865681E81F86646200CA4B6E /* land_grass13.png */; };
		8623DB9C1FE1604900101CA5 /* land_grass14.png in Copy Files */ = {isa = PBXBuildFile; fileRef = 865681E91F86646200CA4B6E /* land_grass14.png */; };
		862B1AF01F8BC914001378B9 /* Utilities.cpp in Sources */ = {isa = PBXBuildFile; fileRef = 862B1AEE1F8BC914001378B9 /* Utilities.cpp */; };
		862B1AF31F8BD3E3001378B9 /* Checkpoint.cpp in Sources */ = {isa = PBXBuildFile; fileRef = 862B1AF11F8BD3E3001378B9 /* Checkpoint.cpp */; };
		862B1AF61F8CE45A001378B9 /* GameLoop.cpp in Sources */ = {isa = PBXBuildFile; fileRef = 862B1AF41F8CE45A001378B9 /* GameLoop.cpp */; };
		862BA9E71FB4B43300D3D4AE /* ButtonC.cpp in Sources */ = {isa = PBXBuildFile; fileRef = 862BA9E51FB4B43300D3D4AE /* ButtonC.cpp */; };
		8640E96F1FAB783700DFCDA4 /* Lobby.cpp in Sources */ = {isa = PBXBuildFile; fileRef = 8640E96D1FAB783700DFCDA4 /* Lobby.cpp */; };
		8640E9721FAB793500DFCDA4 /* UIUtilities.cpp in Sources */ = {isa = PBXBuildFile; fileRef = 8640E9701FAB793500DFCDA4 /* UIUtilities.cpp */; };
		8646E0CC1FFE7A890051C560 /* PlayerNetwork.cpp in Sources */ = {isa = PBXBuildFile; fileRef = 8646E0CA1FFE7A890051C560 /* PlayerNetwork.cpp */; };
		865681A71F7D438400CA4B6E /* PlayerC.cpp in Sources */ = {isa = PBXBuildFile; fileRef = 865681A51F7D438400CA4B6E /* PlayerC.cpp */; };
		865681DB1F8663FF00CA4B6E /* mapCreator.cpp in Sources */ = {isa = PBXBuildFile; fileRef = 865681DA1F8663FF00CA4B6E /* mapCreator.cpp */; };
		865681EF1F86845A00CA4B6E /* Bullet.cpp in Sources */ = {isa = PBXBuildFile; fileRef = 865681ED1F86845A00CA4B6E /* Bullet.cpp */; };
		86CF4F791F8FB631009A299E /* PlayerBase.cpp in Sources */ = {isa = PBXBuildFile; fileRef = 86CF4F771F8FB631009A299E /* PlayerBase.cpp */; };
		86CF4F7E1F8FC0F7009A299E /* PlayerCoop.cpp in Sources */ = {isa = PBXBuildFile; fileRef = 86CF4F7C1F8FC0F7009A299E /* PlayerCoop.cpp */; };
		86DDA3261F823DDC00BBAE92 /* libsfml-audio.2.4.2.dylib in Frameworks */ = {isa = PBXBuildFile; fileRef = 86DDA3171F823DDC00BBAE92 /* libsfml-audio.2.4.2.dylib */; };
		86DDA3271F823DDC00BBAE92 /* libsfml-audio.2.4.dylib in Frameworks */ = {isa = PBXBuildFile; fileRef = 86DDA3181F823DDC00BBAE92 /* libsfml-audio.2.4.dylib */; };
		86DDA3281F823DDC00BBAE92 /* libsfml-audio.dylib in Frameworks */ = {isa = PBXBuildFile; fileRef = 86DDA3191F823DDC00BBAE92 /* libsfml-audio.dylib */; };
		86DDA3291F823DDC00BBAE92 /* libsfml-graphics.2.4.2.dylib in Frameworks */ = {isa = PBXBuildFile; fileRef = 86DDA31A1F823DDC00BBAE92 /* libsfml-graphics.2.4.2.dylib */; };
		86DDA32A1F823DDC00BBAE92 /* libsfml-graphics.2.4.dylib in Frameworks */ = {isa = PBXBuildFile; fileRef = 86DDA31B1F823DDC00BBAE92 /* libsfml-graphics.2.4.dylib */; };
		86DDA32B1F823DDC00BBAE92 /* libsfml-graphics.dylib in Frameworks */ = {isa = PBXBuildFile; fileRef = 86DDA31C1F823DDC00BBAE92 /* libsfml-graphics.dylib */; };
		86DDA32C1F823DDC00BBAE92 /* libsfml-network.2.4.2.dylib in Frameworks */ = {isa = PBXBuildFile; fileRef = 86DDA31D1F823DDC00BBAE92 /* libsfml-network.2.4.2.dylib */; };
		86DDA32D1F823DDC00BBAE92 /* libsfml-network.2.4.dylib in Frameworks */ = {isa = PBXBuildFile; fileRef = 86DDA31E1F823DDC00BBAE92 /* libsfml-network.2.4.dylib */; };
		86DDA32E1F823DDC00BBAE92 /* libsfml-network.dylib in Frameworks */ = {isa = PBXBuildFile; fileRef = 86DDA31F1F823DDC00BBAE92 /* libsfml-network.dylib */; };
		86DDA32F1F823DDC00BBAE92 /* libsfml-system.2.4.2.dylib in Frameworks */ = {isa = PBXBuildFile; fileRef = 86DDA3201F823DDC00BBAE92 /* libsfml-system.2.4.2.dylib */; };
		86DDA3301F823DDC00BBAE92 /* libsfml-system.2.4.dylib in Frameworks */ = {isa = PBXBuildFile; fileRef = 86DDA3211F823DDC00BBAE92 /* libsfml-system.2.4.dylib */; };
		86DDA3311F823DDC00BBAE92 /* libsfml-system.dylib in Frameworks */ = {isa = PBXBuildFile; fileRef = 86DDA3221F823DDC00BBAE92 /* libsfml-system.dylib */; };
		86DDA3321F823DDC00BBAE92 /* libsfml-window.2.4.2.dylib in Frameworks */ = {isa = PBXBuildFile; fileRef = 86DDA3231F823DDC00BBAE92 /* libsfml-window.2.4.2.dylib */; };
		86DDA3331F823DDC00BBAE92 /* libsfml-window.2.4.dylib in Frameworks */ = {isa = PBXBuildFile; fileRef = 86DDA3241F823DDC00BBAE92 /* libsfml-window.2.4.dylib */; };
		86DDA3341F823DDC00BBAE92 /* libsfml-window.dylib in Frameworks */ = {isa = PBXBuildFile; fileRef = 86DDA3251F823DDC00BBAE92 /* libsfml-window.dylib */; };
		86DDA33F1F82538000BBAE92 /* UIManager.cpp in Sources */ = {isa = PBXBuildFile; fileRef = 86DDA33D1F82538000BBAE92 /* UIManager.cpp */; };
/* End PBXBuildFile section */

/* Begin PBXCopyFilesBuildPhase section */
		0B1D0A3E1D9EAAAA00319891 /* Copy Files */ = {
			isa = PBXCopyFilesBuildPhase;
			buildActionMask = 8;
			dstPath = Users/p4076882/Desktop/ICA2MultiplayerAndSocialGames;
			dstSubfolderSpec = 7;
			files = (
				8623DB831FE1604900101CA5 /* carBS5.png in Copy Files */,
				8623DB841FE1604900101CA5 /* cp.png in Copy Files */,
				8623DB851FE1604900101CA5 /* bulletR.png in Copy Files */,
				8623DB871FE1604900101CA5 /* bar.png in Copy Files */,
				8623DB881FE1604900101CA5 /* finish.png in Copy Files */,
				8623DB891FE1604900101CA5 /* bulR.png in Copy Files */,
				8623DB8A1FE1604900101CA5 /* carYS.png in Copy Files */,
				8623DB8B1FE1604900101CA5 /* land_grass01.png in Copy Files */,
				8623DB8C1FE1604900101CA5 /* map.txt in Copy Files */,
				8623DB8D1FE1604900101CA5 /* simon.otf in Copy Files */,
				8623DB8E1FE1604900101CA5 /* bulY.png in Copy Files */,
				8623DB8F1FE1604900101CA5 /* carY.png in Copy Files */,
				8623DB901FE1604900101CA5 /* land_grass02.png in Copy Files */,
				8623DB911FE1604900101CA5 /* land_grass03.png in Copy Files */,
				8623DB921FE1604900101CA5 /* land_grass04.png in Copy Files */,
				8623DB931FE1604900101CA5 /* land_grass05.png in Copy Files */,
				8623DB941FE1604900101CA5 /* land_grass06.png in Copy Files */,
				8623DB951FE1604900101CA5 /* land_grass07.png in Copy Files */,
				8623DB961FE1604900101CA5 /* land_grass08.png in Copy Files */,
				8623DB971FE1604900101CA5 /* land_grass09.png in Copy Files */,
				8623DB981FE1604900101CA5 /* land_grass10.png in Copy Files */,
				8623DB991FE1604900101CA5 /* land_grass11.png in Copy Files */,
				8623DB9A1FE1604900101CA5 /* land_grass12.png in Copy Files */,
				8623DB9B1FE1604900101CA5 /* land_grass13.png in Copy Files */,
				8623DB9C1FE1604900101CA5 /* land_grass14.png in Copy Files */,
			);
			name = "Copy Files";
			runOnlyForDeploymentPostprocessing = 1;
		};
/* End PBXCopyFilesBuildPhase section */

/* Begin PBXFileReference section */
		0B1D0A401D9EAAAA00319891 /* t01 */ = {isa = PBXFileReference; explicitFileType = "compiled.mach-o.executable"; includeInIndex = 0; path = t01; sourceTree = BUILT_PRODUCTS_DIR; };
		0B1D0A431D9EAAAA00319891 /* main.cpp */ = {isa = PBXFileReference; lastKnownFileType = sourcecode.cpp.cpp; path = main.cpp; sourceTree = "<group>"; };
		8623DB9D1FE1657B00101CA5 /* Resources */ = {isa = PBXFileReference; lastKnownFileType = folder; name = Resources; path = t01/Resources; sourceTree = "<group>"; };
		862B1AE61F8B9876001378B9 /* land_grass01.png */ = {isa = PBXFileReference; lastKnownFileType = image.png; path = land_grass01.png; sourceTree = "<group>"; };
		862B1AE71F8B9876001378B9 /* map.txt */ = {isa = PBXFileReference; fileEncoding = 4; lastKnownFileType = text; name = map.txt; path = ../../../../Users/p4076882/Desktop/ICA2MultiplayerAndSocialGames/map.txt; sourceTree = DEVELOPER_DIR; };
		862B1AE81F8B9876001378B9 /* simon.otf */ = {isa = PBXFileReference; lastKnownFileType = file; name = simon.otf; path = ../../../../Users/p4076882/Desktop/ICA2MultiplayerAndSocialGames/simon.otf; sourceTree = DEVELOPER_DIR; };
		862B1AE91F8B9E3C001378B9 /* carYS.png */ = {isa = PBXFileReference; lastKnownFileType = image.png; name = carYS.png; path = ../../ICA2/carYS.png; sourceTree = "<group>"; };
		862B1AEA1F8B9F16001378B9 /* bulR.png */ = {isa = PBXFileReference; lastKnownFileType = image.png; name = bulR.png; path = ../../ICA2/bulR.png; sourceTree = "<group>"; };
		862B1AEC1F8BA87D001378B9 /* finish.png */ = {isa = PBXFileReference; lastKnownFileType = image.png; name = finish.png; path = ../../ICA2/finish.png; sourceTree = "<group>"; };
		862B1AED1F8BADB8001378B9 /* bar.png */ = {isa = PBXFileReference; lastKnownFileType = image.png; name = bar.png; path = ../../ICA2/bar.png; sourceTree = "<group>"; };
		862B1AEE1F8BC914001378B9 /* Utilities.cpp */ = {isa = PBXFileReference; fileEncoding = 4; lastKnownFileType = sourcecode.cpp.cpp; path = Utilities.cpp; sourceTree = "<group>"; };
		862B1AEF1F8BC914001378B9 /* Utilities.hpp */ = {isa = PBXFileReference; fileEncoding = 4; lastKnownFileType = sourcecode.cpp.h; path = Utilities.hpp; sourceTree = "<group>"; };
		862B1AF11F8BD3E3001378B9 /* Checkpoint.cpp */ = {isa = PBXFileReference; fileEncoding = 4; lastKnownFileType = sourcecode.cpp.cpp; path = Checkpoint.cpp; sourceTree = "<group>"; };
		862B1AF21F8BD3E3001378B9 /* Checkpoint.hpp */ = {isa = PBXFileReference; fileEncoding = 4; lastKnownFileType = sourcecode.cpp.h; path = Checkpoint.hpp; sourceTree = "<group>"; };
		862B1AF41F8CE45A001378B9 /* GameLoop.cpp */ = {isa = PBXFileReference; fileEncoding = 4; lastKnownFileType = sourcecode.cpp.cpp; path = GameLoop.cpp; sourceTree = "<group>"; };
		862B1AF51F8CE45A001378B9 /* GameLoop.hpp */ = {isa = PBXFileReference; fileEncoding = 4; lastKnownFileType = sourcecode.cpp.h; path = GameLoop.hpp; sourceTree = "<group>"; };
		862BA9E51FB4B43300D3D4AE /* ButtonC.cpp */ = {isa = PBXFileReference; fileEncoding = 4; lastKnownFileType = sourcecode.cpp.cpp; path = ButtonC.cpp; sourceTree = "<group>"; };
		862BA9E61FB4B43300D3D4AE /* ButtonC.hpp */ = {isa = PBXFileReference; fileEncoding = 4; lastKnownFileType = sourcecode.cpp.h; path = ButtonC.hpp; sourceTree = "<group>"; };
		8640E96D1FAB783700DFCDA4 /* Lobby.cpp */ = {isa = PBXFileReference; fileEncoding = 4; lastKnownFileType = sourcecode.cpp.cpp; path = Lobby.cpp; sourceTree = "<group>"; };
		8640E96E1FAB783700DFCDA4 /* Lobby.hpp */ = {isa = PBXFileReference; fileEncoding = 4; lastKnownFileType = sourcecode.cpp.h; path = Lobby.hpp; sourceTree = "<group>"; };
		8640E9701FAB793500DFCDA4 /* UIUtilities.cpp */ = {isa = PBXFileReference; fileEncoding = 4; lastKnownFileType = sourcecode.cpp.cpp; name = UIUtilities.cpp; path = t01/UIUtilities.cpp; sourceTree = SOURCE_ROOT; };
		8640E9711FAB793500DFCDA4 /* UIUtilities.hpp */ = {isa = PBXFileReference; fileEncoding = 4; lastKnownFileType = sourcecode.cpp.h; path = UIUtilities.hpp; sourceTree = "<group>"; };
		8646E0CA1FFE7A890051C560 /* PlayerNetwork.cpp */ = {isa = PBXFileReference; lastKnownFileType = sourcecode.cpp.cpp; path = PlayerNetwork.cpp; sourceTree = "<group>"; };
		8646E0CB1FFE7A890051C560 /* PlayerNetwork.hpp */ = {isa = PBXFileReference; lastKnownFileType = sourcecode.cpp.h; path = PlayerNetwork.hpp; sourceTree = "<group>"; };
		8646E0CD1FFE91430051C560 /* carPS5 copy.png */ = {isa = PBXFileReference; lastKnownFileType = image.png; path = "carPS5 copy.png"; sourceTree = "<group>"; };
		8646E0CE1FFE914B0051C560 /* carOS5 copy.png */ = {isa = PBXFileReference; lastKnownFileType = image.png; path = "carOS5 copy.png"; sourceTree = "<group>"; };
		865681A51F7D438400CA4B6E /* PlayerC.cpp */ = {isa = PBXFileReference; fileEncoding = 4; lastKnownFileType = sourcecode.cpp.cpp; path = PlayerC.cpp; sourceTree = "<group>"; };
		865681A61F7D438400CA4B6E /* PlayerC.hpp */ = {isa = PBXFileReference; fileEncoding = 4; lastKnownFileType = sourcecode.cpp.h; path = PlayerC.hpp; sourceTree = "<group>"; };
		865681DA1F8663FF00CA4B6E /* mapCreator.cpp */ = {isa = PBXFileReference; fileEncoding = 4; lastKnownFileType = sourcecode.cpp.cpp; path = mapCreator.cpp; sourceTree = "<group>"; };
		865681DD1F86646200CA4B6E /* land_grass02.png */ = {isa = PBXFileReference; lastKnownFileType = image.png; name = land_grass02.png; path = ../../../../Users/p4076882/Desktop/ICA2MultiplayerAndSocialGames/land_grass02.png; sourceTree = DEVELOPER_DIR; };
		865681DE1F86646200CA4B6E /* land_grass03.png */ = {isa = PBXFileReference; lastKnownFileType = image.png; path = land_grass03.png; sourceTree = "<group>"; };
		865681DF1F86646200CA4B6E /* land_grass04.png */ = {isa = PBXFileReference; lastKnownFileType = image.png; path = land_grass04.png; sourceTree = "<group>"; };
		865681E01F86646200CA4B6E /* land_grass05.png */ = {isa = PBXFileReference; lastKnownFileType = image.png; path = land_grass05.png; sourceTree = "<group>"; };
		865681E11F86646200CA4B6E /* land_grass06.png */ = {isa = PBXFileReference; lastKnownFileType = image.png; path = land_grass06.png; sourceTree = "<group>"; };
		865681E21F86646200CA4B6E /* land_grass07.png */ = {isa = PBXFileReference; lastKnownFileType = image.png; path = land_grass07.png; sourceTree = "<group>"; };
		865681E31F86646200CA4B6E /* land_grass08.png */ = {isa = PBXFileReference; lastKnownFileType = image.png; path = land_grass08.png; sourceTree = "<group>"; };
		865681E41F86646200CA4B6E /* land_grass09.png */ = {isa = PBXFileReference; lastKnownFileType = image.png; path = land_grass09.png; sourceTree = "<group>"; };
		865681E51F86646200CA4B6E /* land_grass10.png */ = {isa = PBXFileReference; lastKnownFileType = image.png; path = land_grass10.png; sourceTree = "<group>"; };
		865681E61F86646200CA4B6E /* land_grass11.png */ = {isa = PBXFileReference; lastKnownFileType = image.png; path = land_grass11.png; sourceTree = "<group>"; };
		865681E71F86646200CA4B6E /* land_grass12.png */ = {isa = PBXFileReference; lastKnownFileType = image.png; path = land_grass12.png; sourceTree = "<group>"; };
		865681E81F86646200CA4B6E /* land_grass13.png */ = {isa = PBXFileReference; lastKnownFileType = image.png; path = land_grass13.png; sourceTree = "<group>"; };
		865681E91F86646200CA4B6E /* land_grass14.png */ = {isa = PBXFileReference; lastKnownFileType = image.png; path = land_grass14.png; sourceTree = "<group>"; };
		865681EB1F86647C00CA4B6E /* carY.png */ = {isa = PBXFileReference; lastKnownFileType = image.png; path = carY.png; sourceTree = SOURCE_ROOT; };
		865681ED1F86845A00CA4B6E /* Bullet.cpp */ = {isa = PBXFileReference; fileEncoding = 4; lastKnownFileType = sourcecode.cpp.cpp; path = Bullet.cpp; sourceTree = "<group>"; };
		865681EE1F86845A00CA4B6E /* Bullet.hpp */ = {isa = PBXFileReference; fileEncoding = 4; lastKnownFileType = sourcecode.cpp.h; path = Bullet.hpp; sourceTree = "<group>"; };
		865681F11F8689E400CA4B6E /* bulY.png */ = {isa = PBXFileReference; lastKnownFileType = image.png; path = bulY.png; sourceTree = "<group>"; };
		86598A0B1FE936DD00A54CD7 /* carYS3.png */ = {isa = PBXFileReference; lastKnownFileType = image.png; path = carYS3.png; sourceTree = "<group>"; };
		86CF4F741F8FAD5A009A299E /* bulletR.png */ = {isa = PBXFileReference; lastKnownFileType = image.png; name = bulletR.png; path = ../../../../Users/p4076882/Desktop/ICA2MultiplayerAndSocialGames/bulletR.png; sourceTree = DEVELOPER_DIR; };
		86CF4F761F8FAE15009A299E /* cp.png */ = {isa = PBXFileReference; lastKnownFileType = image.png; name = cp.png; path = ../../../../Users/p4076882/Desktop/ICA2MultiplayerAndSocialGames/cp.png; sourceTree = DEVELOPER_DIR; };
		86CF4F771F8FB631009A299E /* PlayerBase.cpp */ = {isa = PBXFileReference; fileEncoding = 4; lastKnownFileType = sourcecode.cpp.cpp; path = PlayerBase.cpp; sourceTree = "<group>"; };
		86CF4F781F8FB631009A299E /* PlayerBase.hpp */ = {isa = PBXFileReference; fileEncoding = 4; lastKnownFileType = sourcecode.cpp.h; path = PlayerBase.hpp; sourceTree = "<group>"; };
		86CF4F7B1F8FBD03009A299E /* carBS5.png */ = {isa = PBXFileReference; lastKnownFileType = image.png; name = carBS5.png; path = ../../../../Users/p4076882/Desktop/ICA2MultiplayerAndSocialGames/carBS5.png; sourceTree = DEVELOPER_DIR; };
		86CF4F7C1F8FC0F7009A299E /* PlayerCoop.cpp */ = {isa = PBXFileReference; fileEncoding = 4; lastKnownFileType = sourcecode.cpp.cpp; path = PlayerCoop.cpp; sourceTree = "<group>"; };
		86CF4F7D1F8FC0F7009A299E /* PlayerCoop.hpp */ = {isa = PBXFileReference; fileEncoding = 4; lastKnownFileType = sourcecode.cpp.h; path = PlayerCoop.hpp; sourceTree = "<group>"; };
		86DDA3171F823DDC00BBAE92 /* libsfml-audio.2.4.2.dylib */ = {isa = PBXFileReference; lastKnownFileType = "compiled.mach-o.dylib"; name = "libsfml-audio.2.4.2.dylib"; path = "../../lib/libsfml-audio.2.4.2.dylib"; sourceTree = "<group>"; };
		86DDA3181F823DDC00BBAE92 /* libsfml-audio.2.4.dylib */ = {isa = PBXFileReference; lastKnownFileType = "compiled.mach-o.dylib"; name = "libsfml-audio.2.4.dylib"; path = "../../lib/libsfml-audio.2.4.dylib"; sourceTree = "<group>"; };
		86DDA3191F823DDC00BBAE92 /* libsfml-audio.dylib */ = {isa = PBXFileReference; lastKnownFileType = "compiled.mach-o.dylib"; name = "libsfml-audio.dylib"; path = "../../lib/libsfml-audio.dylib"; sourceTree = "<group>"; };
		86DDA31A1F823DDC00BBAE92 /* libsfml-graphics.2.4.2.dylib */ = {isa = PBXFileReference; lastKnownFileType = "compiled.mach-o.dylib"; name = "libsfml-graphics.2.4.2.dylib"; path = "../../lib/libsfml-graphics.2.4.2.dylib"; sourceTree = "<group>"; };
		86DDA31B1F823DDC00BBAE92 /* libsfml-graphics.2.4.dylib */ = {isa = PBXFileReference; lastKnownFileType = "compiled.mach-o.dylib"; name = "libsfml-graphics.2.4.dylib"; path = "../../lib/libsfml-graphics.2.4.dylib"; sourceTree = "<group>"; };
		86DDA31C1F823DDC00BBAE92 /* libsfml-graphics.dylib */ = {isa = PBXFileReference; lastKnownFileType = "compiled.mach-o.dylib"; name = "libsfml-graphics.dylib"; path = "../../lib/libsfml-graphics.dylib"; sourceTree = "<group>"; };
		86DDA31D1F823DDC00BBAE92 /* libsfml-network.2.4.2.dylib */ = {isa = PBXFileReference; lastKnownFileType = "compiled.mach-o.dylib"; name = "libsfml-network.2.4.2.dylib"; path = "../../lib/libsfml-network.2.4.2.dylib"; sourceTree = "<group>"; };
		86DDA31E1F823DDC00BBAE92 /* libsfml-network.2.4.dylib */ = {isa = PBXFileReference; lastKnownFileType = "compiled.mach-o.dylib"; name = "libsfml-network.2.4.dylib"; path = "../../lib/libsfml-network.2.4.dylib"; sourceTree = "<group>"; };
		86DDA31F1F823DDC00BBAE92 /* libsfml-network.dylib */ = {isa = PBXFileReference; lastKnownFileType = "compiled.mach-o.dylib"; name = "libsfml-network.dylib"; path = "../../lib/libsfml-network.dylib"; sourceTree = "<group>"; };
		86DDA3201F823DDC00BBAE92 /* libsfml-system.2.4.2.dylib */ = {isa = PBXFileReference; lastKnownFileType = "compiled.mach-o.dylib"; name = "libsfml-system.2.4.2.dylib"; path = "../../lib/libsfml-system.2.4.2.dylib"; sourceTree = "<group>"; };
		86DDA3211F823DDC00BBAE92 /* libsfml-system.2.4.dylib */ = {isa = PBXFileReference; lastKnownFileType = "compiled.mach-o.dylib"; name = "libsfml-system.2.4.dylib"; path = "../../lib/libsfml-system.2.4.dylib"; sourceTree = "<group>"; };
		86DDA3221F823DDC00BBAE92 /* libsfml-system.dylib */ = {isa = PBXFileReference; lastKnownFileType = "compiled.mach-o.dylib"; name = "libsfml-system.dylib"; path = "../../lib/libsfml-system.dylib"; sourceTree = "<group>"; };
		86DDA3231F823DDC00BBAE92 /* libsfml-window.2.4.2.dylib */ = {isa = PBXFileReference; lastKnownFileType = "compiled.mach-o.dylib"; name = "libsfml-window.2.4.2.dylib"; path = "../../lib/libsfml-window.2.4.2.dylib"; sourceTree = "<group>"; };
		86DDA3241F823DDC00BBAE92 /* libsfml-window.2.4.dylib */ = {isa = PBXFileReference; lastKnownFileType = "compiled.mach-o.dylib"; name = "libsfml-window.2.4.dylib"; path = "../../lib/libsfml-window.2.4.dylib"; sourceTree = "<group>"; };
		86DDA3251F823DDC00BBAE92 /* libsfml-window.dylib */ = {isa = PBXFileReference; lastKnownFileType = "compiled.mach-o.dylib"; name = "libsfml-window.dylib"; path = "../../lib/libsfml-window.dylib"; sourceTree = "<group>"; };
		86DDA33D1F82538000BBAE92 /* UIManager.cpp */ = {isa = PBXFileReference; fileEncoding = 4; lastKnownFileType = sourcecode.cpp.cpp; path = UIManager.cpp; sourceTree = "<group>"; };
		86DDA33E1F82538000BBAE92 /* UIManager.hpp */ = {isa = PBXFileReference; fileEncoding = 4; lastKnownFileType = sourcecode.cpp.h; path = UIManager.hpp; sourceTree = "<group>"; };
		86DDA3431F83CC9200BBAE92 /* mapCreator.hpp */ = {isa = PBXFileReference; fileEncoding = 4; lastKnownFileType = sourcecode.cpp.h; path = mapCreator.hpp; sourceTree = "<group>"; };
/* End PBXFileReference section */

/* Begin PBXFrameworksBuildPhase section */
		0B1D0A3D1D9EAAAA00319891 /* Frameworks */ = {
			isa = PBXFrameworksBuildPhase;
			buildActionMask = 2147483647;
			files = (
				86DDA3261F823DDC00BBAE92 /* libsfml-audio.2.4.2.dylib in Frameworks */,
				86DDA3311F823DDC00BBAE92 /* libsfml-system.dylib in Frameworks */,
				86DDA3271F823DDC00BBAE92 /* libsfml-audio.2.4.dylib in Frameworks */,
				86DDA3281F823DDC00BBAE92 /* libsfml-audio.dylib in Frameworks */,
				86DDA32C1F823DDC00BBAE92 /* libsfml-network.2.4.2.dylib in Frameworks */,
				86DDA32B1F823DDC00BBAE92 /* libsfml-graphics.dylib in Frameworks */,
				86DDA32D1F823DDC00BBAE92 /* libsfml-network.2.4.dylib in Frameworks */,
				86DDA3291F823DDC00BBAE92 /* libsfml-graphics.2.4.2.dylib in Frameworks */,
				86DDA3341F823DDC00BBAE92 /* libsfml-window.dylib in Frameworks */,
				86DDA32E1F823DDC00BBAE92 /* libsfml-network.dylib in Frameworks */,
				86DDA32A1F823DDC00BBAE92 /* libsfml-graphics.2.4.dylib in Frameworks */,
				86DDA3331F823DDC00BBAE92 /* libsfml-window.2.4.dylib in Frameworks */,
				86DDA3321F823DDC00BBAE92 /* libsfml-window.2.4.2.dylib in Frameworks */,
				86DDA3301F823DDC00BBAE92 /* libsfml-system.2.4.dylib in Frameworks */,
				86DDA32F1F823DDC00BBAE92 /* libsfml-system.2.4.2.dylib in Frameworks */,
			);
			runOnlyForDeploymentPostprocessing = 0;
		};
/* End PBXFrameworksBuildPhase section */

/* Begin PBXGroup section */
		0B1D0A371D9EAAAA00319891 = {
			isa = PBXGroup;
			children = (
				8623DB9D1FE1657B00101CA5 /* Resources */,
				86DDA34A1F84F4DF00BBAE92 /* Sprites */,
				86DDA3171F823DDC00BBAE92 /* libsfml-audio.2.4.2.dylib */,
				86DDA3181F823DDC00BBAE92 /* libsfml-audio.2.4.dylib */,
				86DDA3191F823DDC00BBAE92 /* libsfml-audio.dylib */,
				86DDA31A1F823DDC00BBAE92 /* libsfml-graphics.2.4.2.dylib */,
				86DDA31B1F823DDC00BBAE92 /* libsfml-graphics.2.4.dylib */,
				86DDA31C1F823DDC00BBAE92 /* libsfml-graphics.dylib */,
				86DDA31D1F823DDC00BBAE92 /* libsfml-network.2.4.2.dylib */,
				86DDA31E1F823DDC00BBAE92 /* libsfml-network.2.4.dylib */,
				86DDA31F1F823DDC00BBAE92 /* libsfml-network.dylib */,
				86DDA3201F823DDC00BBAE92 /* libsfml-system.2.4.2.dylib */,
				86DDA3211F823DDC00BBAE92 /* libsfml-system.2.4.dylib */,
				86DDA3221F823DDC00BBAE92 /* libsfml-system.dylib */,
				86DDA3231F823DDC00BBAE92 /* libsfml-window.2.4.2.dylib */,
				86DDA3241F823DDC00BBAE92 /* libsfml-window.2.4.dylib */,
				86DDA3251F823DDC00BBAE92 /* libsfml-window.dylib */,
				0B1D0A421D9EAAAA00319891 /* t01 */,
				0B1D0A411D9EAAAA00319891 /* Products */,
			);
			sourceTree = "<group>";
		};
		0B1D0A411D9EAAAA00319891 /* Products */ = {
			isa = PBXGroup;
			children = (
				0B1D0A401D9EAAAA00319891 /* t01 */,
			);
			name = Products;
			sourceTree = "<group>";
		};
		0B1D0A421D9EAAAA00319891 /* t01 */ = {
			isa = PBXGroup;
			children = (
				8640E9731FAB794500DFCDA4 /* UI */,
				86CF4F7A1F8FB698009A299E /* Player */,
				865681DA1F8663FF00CA4B6E /* mapCreator.cpp */,
				0B1D0A431D9EAAAA00319891 /* main.cpp */,
				86DDA3431F83CC9200BBAE92 /* mapCreator.hpp */,
				865681ED1F86845A00CA4B6E /* Bullet.cpp */,
				865681EE1F86845A00CA4B6E /* Bullet.hpp */,
				862B1AEE1F8BC914001378B9 /* Utilities.cpp */,
				862B1AEF1F8BC914001378B9 /* Utilities.hpp */,
				862B1AF11F8BD3E3001378B9 /* Checkpoint.cpp */,
				862B1AF21F8BD3E3001378B9 /* Checkpoint.hpp */,
				862B1AF41F8CE45A001378B9 /* GameLoop.cpp */,
				862B1AF51F8CE45A001378B9 /* GameLoop.hpp */,
				8640E96D1FAB783700DFCDA4 /* Lobby.cpp */,
				8640E96E1FAB783700DFCDA4 /* Lobby.hpp */,
			);
			path = t01;
			sourceTree = "<group>";
		};
		8640E9731FAB794500DFCDA4 /* UI */ = {
			isa = PBXGroup;
			children = (
				8640E9711FAB793500DFCDA4 /* UIUtilities.hpp */,
				8640E9701FAB793500DFCDA4 /* UIUtilities.cpp */,
				86DDA33E1F82538000BBAE92 /* UIManager.hpp */,
				86DDA33D1F82538000BBAE92 /* UIManager.cpp */,
				862BA9E51FB4B43300D3D4AE /* ButtonC.cpp */,
				862BA9E61FB4B43300D3D4AE /* ButtonC.hpp */,
			);
			name = UI;
			sourceTree = "<group>";
		};
		86CF4F7A1F8FB698009A299E /* Player */ = {
			isa = PBXGroup;
			children = (
				86CF4F781F8FB631009A299E /* PlayerBase.hpp */,
				86CF4F771F8FB631009A299E /* PlayerBase.cpp */,
				865681A61F7D438400CA4B6E /* PlayerC.hpp */,
				865681A51F7D438400CA4B6E /* PlayerC.cpp */,
				86CF4F7C1F8FC0F7009A299E /* PlayerCoop.cpp */,
				86CF4F7D1F8FC0F7009A299E /* PlayerCoop.hpp */,
				8646E0CA1FFE7A890051C560 /* PlayerNetwork.cpp */,
				8646E0CB1FFE7A890051C560 /* PlayerNetwork.hpp */,
			);
			name = Player;
			sourceTree = "<group>";
		};
		86DDA34A1F84F4DF00BBAE92 /* Sprites */ = {
			isa = PBXGroup;
			children = (
				8646E0CE1FFE914B0051C560 /* carOS5 copy.png */,
				8646E0CD1FFE91430051C560 /* carPS5 copy.png */,
				86CF4F7B1F8FBD03009A299E /* carBS5.png */,
				86CF4F761F8FAE15009A299E /* cp.png */,
				86CF4F741F8FAD5A009A299E /* bulletR.png */,
				86598A0B1FE936DD00A54CD7 /* carYS3.png */,
				862B1AED1F8BADB8001378B9 /* bar.png */,
				862B1AEC1F8BA87D001378B9 /* finish.png */,
				862B1AEA1F8B9F16001378B9 /* bulR.png */,
				862B1AE91F8B9E3C001378B9 /* carYS.png */,
				862B1AE61F8B9876001378B9 /* land_grass01.png */,
				862B1AE71F8B9876001378B9 /* map.txt */,
				862B1AE81F8B9876001378B9 /* simon.otf */,
				865681F11F8689E400CA4B6E /* bulY.png */,
				865681EB1F86647C00CA4B6E /* carY.png */,
				865681DD1F86646200CA4B6E /* land_grass02.png */,
				865681DE1F86646200CA4B6E /* land_grass03.png */,
				865681DF1F86646200CA4B6E /* land_grass04.png */,
				865681E01F86646200CA4B6E /* land_grass05.png */,
				865681E11F86646200CA4B6E /* land_grass06.png */,
				865681E21F86646200CA4B6E /* land_grass07.png */,
				865681E31F86646200CA4B6E /* land_grass08.png */,
				865681E41F86646200CA4B6E /* land_grass09.png */,
				865681E51F86646200CA4B6E /* land_grass10.png */,
				865681E61F86646200CA4B6E /* land_grass11.png */,
				865681E71F86646200CA4B6E /* land_grass12.png */,
				865681E81F86646200CA4B6E /* land_grass13.png */,
				865681E91F86646200CA4B6E /* land_grass14.png */,
			);
			name = Sprites;
			sourceTree = "<group>";
		};
/* End PBXGroup section */

/* Begin PBXNativeTarget section */
		0B1D0A3F1D9EAAAA00319891 /* t01 */ = {
			isa = PBXNativeTarget;
			buildConfigurationList = 0B1D0A471D9EAAAA00319891 /* Build configuration list for PBXNativeTarget "t01" */;
			buildPhases = (
				0B1D0A3C1D9EAAAA00319891 /* Sources */,
				0B1D0A3D1D9EAAAA00319891 /* Frameworks */,
				0B1D0A3E1D9EAAAA00319891 /* Copy Files */,
			);
			buildRules = (
			);
			dependencies = (
			);
			name = t01;
			productName = t01;
			productReference = 0B1D0A401D9EAAAA00319891 /* t01 */;
			productType = "com.apple.product-type.tool";
		};
/* End PBXNativeTarget section */

/* Begin PBXProject section */
		0B1D0A381D9EAAAA00319891 /* Project object */ = {
			isa = PBXProject;
			attributes = {
				LastUpgradeCheck = 0830;
				ORGANIZATIONNAME = "Cordry, Julien";
				TargetAttributes = {
					0B1D0A3F1D9EAAAA00319891 = {
						CreatedOnToolsVersion = 7.3.1;
					};
				};
			};
			buildConfigurationList = 0B1D0A3B1D9EAAAA00319891 /* Build configuration list for PBXProject "t01" */;
			compatibilityVersion = "Xcode 3.2";
			developmentRegion = English;
			hasScannedForEncodings = 0;
			knownRegions = (
				en,
			);
			mainGroup = 0B1D0A371D9EAAAA00319891;
			productRefGroup = 0B1D0A411D9EAAAA00319891 /* Products */;
			projectDirPath = "";
			projectRoot = "";
			targets = (
				0B1D0A3F1D9EAAAA00319891 /* t01 */,
			);
		};
/* End PBXProject section */

/* Begin PBXSourcesBuildPhase section */
		0B1D0A3C1D9EAAAA00319891 /* Sources */ = {
			isa = PBXSourcesBuildPhase;
			buildActionMask = 2147483647;
			files = (
				865681EF1F86845A00CA4B6E /* Bullet.cpp in Sources */,
				862B1AF61F8CE45A001378B9 /* GameLoop.cpp in Sources */,
				8640E9721FAB793500DFCDA4 /* UIUtilities.cpp in Sources */,
				86DDA33F1F82538000BBAE92 /* UIManager.cpp in Sources */,
				86CF4F7E1F8FC0F7009A299E /* PlayerCoop.cpp in Sources */,
				8646E0CC1FFE7A890051C560 /* PlayerNetwork.cpp in Sources */,
				862B1AF01F8BC914001378B9 /* Utilities.cpp in Sources */,
				862B1AF31F8BD3E3001378B9 /* Checkpoint.cpp in Sources */,
				865681DB1F8663FF00CA4B6E /* mapCreator.cpp in Sources */,
				865681A71F7D438400CA4B6E /* PlayerC.cpp in Sources */,
				0B1D0A441D9EAAAA00319891 /* main.cpp in Sources */,
				86CF4F791F8FB631009A299E /* PlayerBase.cpp in Sources */,
				8640E96F1FAB783700DFCDA4 /* Lobby.cpp in Sources */,
				862BA9E71FB4B43300D3D4AE /* ButtonC.cpp in Sources */,
			);
			runOnlyForDeploymentPostprocessing = 0;
		};
/* End PBXSourcesBuildPhase section */

/* Begin XCBuildConfiguration section */
		0B1D0A451D9EAAAA00319891 /* Debug */ = {
			isa = XCBuildConfiguration;
			buildSettings = {
				ALWAYS_SEARCH_USER_PATHS = YES;
				CLANG_ANALYZER_NONNULL = YES;
				CLANG_CXX_LANGUAGE_STANDARD = "gnu++0x";
				CLANG_CXX_LIBRARY = "libc++";
				CLANG_ENABLE_MODULES = YES;
				CLANG_ENABLE_OBJC_ARC = YES;
				CLANG_WARN_BOOL_CONVERSION = YES;
				CLANG_WARN_CONSTANT_CONVERSION = YES;
				CLANG_WARN_DIRECT_OBJC_ISA_USAGE = YES_ERROR;
				CLANG_WARN_EMPTY_BODY = YES;
				CLANG_WARN_ENUM_CONVERSION = YES;
				CLANG_WARN_INFINITE_RECURSION = YES;
				CLANG_WARN_INT_CONVERSION = YES;
				CLANG_WARN_OBJC_ROOT_CLASS = YES_ERROR;
				CLANG_WARN_SUSPICIOUS_MOVE = YES;
				CLANG_WARN_UNREACHABLE_CODE = YES;
				CLANG_WARN__DUPLICATE_METHOD_MATCH = YES;
				CODE_SIGN_IDENTITY = "-";
				COPY_PHASE_STRIP = NO;
				DEBUG_INFORMATION_FORMAT = dwarf;
				ENABLE_STRICT_OBJC_MSGSEND = YES;
				ENABLE_TESTABILITY = YES;
				GCC_C_LANGUAGE_STANDARD = gnu99;
				GCC_DYNAMIC_NO_PIC = NO;
				GCC_NO_COMMON_BLOCKS = YES;
				GCC_OPTIMIZATION_LEVEL = 0;
				GCC_PREPROCESSOR_DEFINITIONS = (
					"DEBUG=1",
					"$(inherited)",
				);
				GCC_WARN_64_TO_32_BIT_CONVERSION = YES;
				GCC_WARN_ABOUT_RETURN_TYPE = YES_ERROR;
				GCC_WARN_UNDECLARED_SELECTOR = YES;
				GCC_WARN_UNINITIALIZED_AUTOS = YES_AGGRESSIVE;
				GCC_WARN_UNUSED_FUNCTION = YES;
				GCC_WARN_UNUSED_VARIABLE = YES;
				MACOSX_DEPLOYMENT_TARGET = 10.11;
				MTL_ENABLE_DEBUG_INFO = YES;
				ONLY_ACTIVE_ARCH = YES;
				SDKROOT = macosx;
			};
			name = Debug;
		};
		0B1D0A461D9EAAAA00319891 /* Release */ = {
			isa = XCBuildConfiguration;
			buildSettings = {
				ALWAYS_SEARCH_USER_PATHS = YES;
				"ALWAYS_SEARCH_USER_PATHS[arch=*]" = YES;
				CLANG_ANALYZER_NONNULL = YES;
				CLANG_CXX_LANGUAGE_STANDARD = "gnu++0x";
				CLANG_CXX_LIBRARY = "libc++";
				CLANG_ENABLE_MODULES = YES;
				CLANG_ENABLE_OBJC_ARC = YES;
				CLANG_WARN_BOOL_CONVERSION = YES;
				CLANG_WARN_CONSTANT_CONVERSION = YES;
				CLANG_WARN_DIRECT_OBJC_ISA_USAGE = YES_ERROR;
				CLANG_WARN_EMPTY_BODY = YES;
				CLANG_WARN_ENUM_CONVERSION = YES;
				CLANG_WARN_INFINITE_RECURSION = YES;
				CLANG_WARN_INT_CONVERSION = YES;
				CLANG_WARN_OBJC_ROOT_CLASS = YES_ERROR;
				CLANG_WARN_SUSPICIOUS_MOVE = YES;
				CLANG_WARN_UNREACHABLE_CODE = YES;
				CLANG_WARN__DUPLICATE_METHOD_MATCH = YES;
				CODE_SIGN_IDENTITY = "-";
				COPY_PHASE_STRIP = NO;
				DEBUG_INFORMATION_FORMAT = "dwarf-with-dsym";
				ENABLE_NS_ASSERTIONS = NO;
				ENABLE_STRICT_OBJC_MSGSEND = YES;
				GCC_C_LANGUAGE_STANDARD = gnu99;
				GCC_NO_COMMON_BLOCKS = YES;
				GCC_WARN_64_TO_32_BIT_CONVERSION = YES;
				GCC_WARN_ABOUT_RETURN_TYPE = YES_ERROR;
				GCC_WARN_UNDECLARED_SELECTOR = YES;
				GCC_WARN_UNINITIALIZED_AUTOS = YES_AGGRESSIVE;
				GCC_WARN_UNUSED_FUNCTION = YES;
				GCC_WARN_UNUSED_VARIABLE = YES;
				MACOSX_DEPLOYMENT_TARGET = 10.11;
				MTL_ENABLE_DEBUG_INFO = NO;
				SDKROOT = macosx;
			};
			name = Release;
		};
		0B1D0A481D9EAAAA00319891 /* Debug */ = {
			isa = XCBuildConfiguration;
			buildSettings = {
				"HEADER_SEARCH_PATHS[arch=*]" = "~/include";
				"LIBRARY_SEARCH_PATHS[arch=*]" = "~/lib";
				PRODUCT_NAME = "$(TARGET_NAME)";
			};
			name = Debug;
		};
		0B1D0A491D9EAAAA00319891 /* Release */ = {
			isa = XCBuildConfiguration;
			buildSettings = {
				PRODUCT_NAME = "$(TARGET_NAME)";
			};
			name = Release;
		};
/* End XCBuildConfiguration section */

/* Begin XCConfigurationList section */
		0B1D0A3B1D9EAAAA00319891 /* Build configuration list for PBXProject "t01" */ = {
			isa = XCConfigurationList;
			buildConfigurations = (
				0B1D0A451D9EAAAA00319891 /* Debug */,
				0B1D0A461D9EAAAA00319891 /* Release */,
			);
			defaultConfigurationIsVisible = 0;
			defaultConfigurationName = Release;
		};
		0B1D0A471D9EAAAA00319891 /* Build configuration list for PBXNativeTarget "t01" */ = {
			isa = XCConfigurationList;
			buildConfigurations = (
				0B1D0A481D9EAAAA00319891 /* Debug */,
				0B1D0A491D9EAAAA00319891 /* Release */,
			);
			defaultConfigurationIsVisible = 0;
			defaultConfigurationName = Release;
		};
/* End XCConfigurationList section */
	};
	rootObject = 0B1D0A381D9EAAAA00319891 /* Project object */;
}
